# This file is automatically @generated by Poetry 1.6.1 and should not be changed by hand.

[[package]]
name = "faker"
version = "19.13.0"
description = "Faker is a Python package that generates fake data for you."
optional = false
python-versions = ">=3.8"
files = [
    {file = "Faker-19.13.0-py3-none-any.whl", hash = "sha256:da880a76322db7a879c848a0771e129338e0a680a9f695fd9a3e7a6ac82b45e1"},
    {file = "Faker-19.13.0.tar.gz", hash = "sha256:14ccb0aec342d33aa3889a864a56e5b3c2d56bce1b89f9189f4fbc128b9afc1e"},
]

[package.dependencies]
python-dateutil = ">=2.4"

[[package]]
name = "prettytable"
version = "3.9.0"
description = "A simple Python library for easily displaying tabular data in a visually appealing ASCII table format"
optional = false
python-versions = ">=3.8"
files = [
    {file = "prettytable-3.9.0-py3-none-any.whl", hash = "sha256:a71292ab7769a5de274b146b276ce938786f56c31cf7cea88b6f3775d82fe8c8"},
    {file = "prettytable-3.9.0.tar.gz", hash = "sha256:f4ed94803c23073a90620b201965e5dc0bccf1760b7a7eaf3158cab8aaffdf34"},
]

[package.dependencies]
wcwidth = "*"

[package.extras]
tests = ["pytest", "pytest-cov", "pytest-lazy-fixture"]

[[package]]
name = "python-dateutil"
version = "2.8.2"
description = "Extensions to the standard Python datetime module"
optional = false
python-versions = "!=3.0.*,!=3.1.*,!=3.2.*,>=2.7"
files = [
    {file = "python-dateutil-2.8.2.tar.gz", hash = "sha256:0123cacc1627ae19ddf3c27a5de5bd67ee4586fbdd6440d9748f8abb483d3e86"},
    {file = "python_dateutil-2.8.2-py2.py3-none-any.whl", hash = "sha256:961d03dc3453ebbc59dbdea9e4e11c5651520a876d0f4db161e8674aae935da9"},
]

[package.dependencies]
six = ">=1.5"

[[package]]
name = "six"
version = "1.16.0"
description = "Python 2 and 3 compatibility utilities"
optional = false
python-versions = ">=2.7, !=3.0.*, !=3.1.*, !=3.2.*"
files = [
    {file = "six-1.16.0-py2.py3-none-any.whl", hash = "sha256:8abb2f1d86890a2dfb989f9a77cfcfd3e47c2a354b01111771326f8aa26e0254"},
    {file = "six-1.16.0.tar.gz", hash = "sha256:1e61c37477a1626458e36f7b1d82aa5c9b094fa4802892072e49de9c60c4c926"},
]

[[package]]
name = "wcwidth"
version = "0.2.9"
description = "Measures the displayed width of unicode strings in a terminal"
optional = false
python-versions = "*"
files = [
    {file = "wcwidth-0.2.9-py2.py3-none-any.whl", hash = "sha256:9a929bd8380f6cd9571a968a9c8f4353ca58d7cd812a4822bba831f8d685b223"},
    {file = "wcwidth-0.2.9.tar.gz", hash = "sha256:a675d1a4a2d24ef67096a04b85b02deeecd8e226f57b5e3a72dbb9ed99d27da8"},
]

[metadata]
lock-version = "2.0"
python-versions = "^3.11"
content-hash = "d56e27cdb2d2293475833fd8faf80bdc7f0af1f00eac67e3cc37fbe390445d51"
